
Microsoft Visual Studio Solution File, Format Version 12.00
# Visual Studio Version 17
VisualStudioVersion = 17.3.32825.248
MinimumVisualStudioVersion = 10.0.40219.1
Project("{FAE04EC0-301F-11D3-BF4B-00C04F79EFBC}") = "GarlicPress", "GarlicPress.csproj", "{F60929C8-800E-488C-B811-2290CFE2FCE7}"
EndProject
Global
	GlobalSection(SolutionConfigurationPlatforms) = preSolution
		Debug|Any CPU = Debug|Any CPU
		Release|Any CPU = Release|Any CPU
	EndGlobalSection
	GlobalSection(ProjectConfigurationPlatforms) = postSolution
		{F60929C8-800E-488C-B811-2290CFE2FCE7}.Debug|Any CPU.ActiveCfg = Debug|Any CPU
		{F60929C8-800E-488C-B811-2290CFE2FCE7}.Debug|Any CPU.Build.0 = Debug|Any CPU
		{F60929C8-800E-488C-B811-2290CFE2FCE7}.Release|Any CPU.ActiveCfg = Release|Any CPU
		{F60929C8-800E-488C-B811-2290CFE2FCE7}.Release|Any CPU.Build.0 = Release|Any CPU
	EndGlobalSection
	GlobalSection(SolutionProperties) = preSolution
		HideSolutionNode = FALSE
	EndGlobalSection
	GlobalSection(ExtensibilityGlobals) = postSolution
		SolutionGuid = {2D0CEE3E-2190-48DD-A088-F476ADAA268E}
	EndGlobalSection
EndGlobal
